// !$*UTF8*$!
{
	archiveVersion = 1;
	classes = {
	};
	objectVersion = 46;
	objects = {

/* Begin PBXBuildFile section */
		99E97D7C1E9DA13800403458 /* AppDelegate.swift in Sources */ = {isa = PBXBuildFile; fileRef = 99E97D7B1E9DA13800403458 /* AppDelegate.swift */; };
		99E97D7E1E9DA13800403458 /* ViewController.swift in Sources */ = {isa = PBXBuildFile; fileRef = 99E97D7D1E9DA13800403458 /* ViewController.swift */; };
		99E97D811E9DA13800403458 /* Main.storyboard in Resources */ = {isa = PBXBuildFile; fileRef = 99E97D7F1E9DA13800403458 /* Main.storyboard */; };
		99E97D831E9DA13900403458 /* Assets.xcassets in Resources */ = {isa = PBXBuildFile; fileRef = 99E97D821E9DA13800403458 /* Assets.xcassets */; };
		99E97D861E9DA13900403458 /* LaunchScreen.storyboard in Resources */ = {isa = PBXBuildFile; fileRef = 99E97D841E9DA13900403458 /* LaunchScreen.storyboard */; };
/* End PBXBuildFile section */

/* Begin PBXFileReference section */
		99E97D781E9DA13800403458 /* Magic 8 Ball.app */ = {isa = PBXFileReference; explicitFileType = wrapper.application; includeInIndex = 0; path = "Magic 8 Ball.app"; sourceTree = BUILT_PRODUCTS_DIR; };
		99E97D7B1E9DA13800403458 /* AppDelegate.swift */ = {isa = PBXFileReference; lastKnownFileType = sourcecode.swift; path = AppDelegate.swift; sourceTree = "<group>"; };
		99E97D7D1E9DA13800403458 /* ViewController.swift */ = {isa = PBXFileReference; lastKnownFileType = sourcecode.swift; path = ViewController.swift; sourceTree = "<group>"; };
		99E97D801E9DA13800403458 /* Base */ = {isa = PBXFileReference; lastKnownFileType = file.storyboard; name = Base; path = Base.lproj/Main.storyboard; sourceTree = "<group>"; };
		99E97D821E9DA13800403458 /* Assets.xcassets */ = {isa = PBXFileReference; lastKnownFileType = folder.assetcatalog; path = Assets.xcassets; sourceTree = "<group>"; };
		99E97D851E9DA13900403458 /* Base */ = {isa = PBXFileReference; lastKnownFileType = file.storyboard; name = Base; path = Base.lproj/LaunchScreen.storyboard; sourceTree = "<group>"; };
		99E97D871E9DA13900403458 /* Info.plist */ = {isa = PBXFileReference; lastKnownFileType = text.plist.xml; path = Info.plist; sourceTree = "<group>"; };
/* End PBXFileReference section */

/* Begin PBXFrameworksBuildPhase section */
		99E97D751E9DA13800403458 /* Frameworks */ = {
			isa = PBXFrameworksBuildPhase;
			buildActionMask = 2147483647;
			files = (
			);
			runOnlyForDeploymentPostprocessing = 0;
		};
/* End PBXFrameworksBuildPhase section */

/* Begin PBXGroup section */
		99E97D6F1E9DA13800403458 = {
			isa = PBXGroup;
			children = (
				99E97D7A1E9DA13800403458 /* Magic 8 Ball */,
				99E97D791E9DA13800403458 /* Products */,
			);
			sourceTree = "<group>";
		};
		99E97D791E9DA13800403458 /* Products */ = {
			isa = PBXGroup;
			children = (
				99E97D781E9DA13800403458 /* Magic 8 Ball.app */,
			);
			name = Products;
			sourceTree = "<group>";
		};
		99E97D7A1E9DA13800403458 /* Magic 8 Ball */ = {
			isa = PBXGroup;
			children = (
				99E97D7B1E9DA13800403458 /* AppDelegate.swift */,
				99E97D7D1E9DA13800403458 /* ViewController.swift */,
				99E97D7F1E9DA13800403458 /* Main.storyboard */,
				99E97D821E9DA13800403458 /* Assets.xcassets */,
				99E97D841E9DA13900403458 /* LaunchScreen.storyboard */,
				99E97D871E9DA13900403458 /* Info.plist */,
			);
			path = "Magic 8 Ball";
			sourceTree = "<group>";
		};
/* End PBXGroup section */

/* Begin PBXNativeTarget section */
		99E97D771E9DA13800403458 /* Magic 8 Ball */ = {
			isa = PBXNativeTarget;
			buildConfigurationList = 99E97D8A1E9DA13900403458 /* Build configuration list for PBXNativeTarget "Magic 8 Ball" */;
			buildPhases = (
				99E97D741E9DA13800403458 /* Sources */,
				99E97D751E9DA13800403458 /* Frameworks */,
				99E97D761E9DA13800403458 /* Resources */,
			);
			buildRules = (
			);
			dependencies = (
			);
			name = "Magic 8 Ball";
			productName = "Magic 8 Ball";
			productReference = 99E97D781E9DA13800403458 /* Magic 8 Ball.app */;
			productType = "com.apple.product-type.application";
		};
/* End PBXNativeTarget section */

/* Begin PBXProject section */
		99E97D701E9DA13800403458 /* Project object */ = {
			isa = PBXProject;
			attributes = {
				LastSwiftUpdateCheck = 0830;
				LastUpgradeCheck = 0830;
				ORGANIZATIONNAME = "Ale Mohamad";
				TargetAttributes = {
					99E97D771E9DA13800403458 = {
						CreatedOnToolsVersion = 8.3.1;
						ProvisioningStyle = Automatic;
					};
				};
			};
			buildConfigurationList = 99E97D731E9DA13800403458 /* Build configuration list for PBXProject "Magic 8 Ball" */;
			compatibilityVersion = "Xcode 3.2";
			developmentRegion = English;
			hasScannedForEncodings = 0;
			knownRegions = (
				en,
				Base,
			);
			mainGroup = 99E97D6F1E9DA13800403458;
			productRefGroup = 99E97D791E9DA13800403458 /* Products */;
			projectDirPath = "";
			projectRoot = "";
			targets = (
				99E97D771E9DA13800403458 /* Magic 8 Ball */,
			);
		};
/* End PBXProject section */

/* Begin PBXResourcesBuildPhase section */
		99E97D761E9DA13800403458 /* Resources */ = {
			isa = PBXResourcesBuildPhase;
			buildActionMask = 2147483647;
			files = (
				99E97D861E9DA13900403458 /* LaunchScreen.storyboard in Resources */,
				99E97D831E9DA13900403458 /* Assets.xcassets in Resources */,
				99E97D811E9DA13800403458 /* Main.storyboard in Resources */,
			);
			runOnlyForDeploymentPostprocessing = 0;
		};
/* End PBXResourcesBuildPhase section */

/* Begin PBXSourcesBuildPhase section */
		99E97D741E9DA13800403458 /* Sources */ = {
			isa = PBXSourcesBuildPhase;
			buildActionMask = 2147483647;
			files = (
				99E97D7E1E9DA13800403458 /* ViewController.swift in Sources */,
				99E97D7C1E9DA13800403458 /* AppDelegate.swift in Sources */,
			);
			runOnlyForDeploymentPostprocessing = 0;
		};
/* End PBXSourcesBuildPhase section */

/* Begin PBXVariantGroup section */
		99E97D7F1E9DA13800403458 /* Main.storyboard */ = {
			isa = PBXVariantGroup;
			children = (
				99E97D801E9DA13800403458 /* Base */,
			);
			name = Main.storyboard;
			sourceTree = "<group>";
		};
		99E97D841E9DA13900403458 /* LaunchScreen.storyboard */ = {
			isa = PBXVariantGroup;
			children = (
				99E97D851E9DA13900403458 /* Base */,
			);
			name = LaunchScreen.storyboard;
			sourceTree = "<group>";
		};
/* End PBXVariantGroup section */

/* Begin XCBuildConfiguration section */
		99E97D881E9DA13900403458 /* Debug */ = {
			isa = XCBuildConfiguration;
			buildSettings = {
				ALWAYS_SEARCH_USER_PATHS = NO;
				CLANG_ANALYZER_NONNULL = YES;
				CLANG_ANALYZER_NUMBER_OBJECT_CONVERSION = YES_AGGRESSIVE;
				CLANG_CXX_LANGUAGE_STANDARD = "gnu++0x";
				CLANG_CXX_LIBRARY = "libc++";
				CLANG_ENABLE_MODULES = YES;
				CLANG_ENABLE_OBJC_ARC = YES;
				CLANG_WARN_BOOL_CONVERSION = YES;
				CLANG_WARN_CONSTANT_CONVERSION = YES;
				CLANG_WARN_DIRECT_OBJC_ISA_USAGE = YES_ERROR;
				CLANG_WARN_DOCUMENTATION_COMMENTS = YES;
				CLANG_WARN_EMPTY_BODY = YES;
				CLANG_WARN_ENUM_CONVERSION = YES;
				CLANG_WARN_INFINITE_RECURSION = YES;
				CLANG_WARN_INT_CONVERSION = YES;
				CLANG_WARN_OBJC_ROOT_CLASS = YES_ERROR;
				CLANG_WARN_SUSPICIOUS_MOVE = YES;
				CLANG_WARN_UNREACHABLE_CODE = YES;
				CLANG_WARN__DUPLICATE_METHOD_MATCH = YES;
				"CODE_SIGN_IDENTITY[sdk=iphoneos*]" = "iPhone Developer";
				COPY_PHASE_STRIP = NO;
				DEBUG_INFORMATION_FORMAT = dwarf;
				ENABLE_STRICT_OBJC_MSGSEND = YES;
				ENABLE_TESTABILITY = YES;
				GCC_C_LANGUAGE_STANDARD = gnu99;
				GCC_DYNAMIC_NO_PIC = NO;
				GCC_NO_COMMON_BLOCKS = YES;
				GCC_OPTIMIZATION_LEVEL = 0;
				GCC_PREPROCESSOR_DEFINITIONS = (
					"DEBUG=1",
					"$(inherited)",
				);
				GCC_WARN_64_TO_32_BIT_CONVERSION = YES;
				GCC_WARN_ABOUT_RETURN_TYPE = YES_ERROR;
				GCC_WARN_UNDECLARED_SELECTOR = YES;
				GCC_WARN_UNINITIALIZED_AUTOS = YES_AGGRESSIVE;
				GCC_WARN_UNUSED_FUNCTION = YES;
				GCC_WARN_UNUSED_VARIABLE = YES;
				IPHONEOS_DEPLOYMENT_TARGET = 10.3;
				MTL_ENABLE_DEBUG_INFO = YES;
				ONLY_ACTIVE_ARCH = YES;
				SDKROOT = iphoneos;
				SWIFT_ACTIVE_COMPILATION_CONDITIONS = DEBUG;
				SWIFT_OPTIMIZATION_LEVEL = "-Onone";
				TARGETED_DEVICE_FAMILY = "1,2";
			};
			name = Debug;
		};
		99E97D891E9DA13900403458 /* Release */ = {
			isa = XCBuildConfiguration;
			buildSettings = {
				ALWAYS_SEARCH_USER_PATHS = NO;
				CLANG_ANALYZER_NONNULL = YES;
				CLANG_ANALYZER_NUMBER_OBJECT_CONVERSION = YES_AGGRESSIVE;
				CLANG_CXX_LANGUAGE_STANDARD = "gnu++0x";
				CLANG_CXX_LIBRARY = "libc++";
				CLANG_ENABLE_MODULES = YES;
				CLANG_ENABLE_OBJC_ARC = YES;
				CLANG_WARN_BOOL_CONVERSION = YES;
				CLANG_WARN_CONSTANT_CONVERSION = YES;
				CLANG_WARN_DIRECT_OBJC_ISA_USAGE = YES_ERROR;
				CLANG_WARN_DOCUMENTATION_COMMENTS = YES;
				CLANG_WARN_EMPTY_BODY = YES;
				CLANG_WARN_ENUM_CONVERSION = YES;
				CLANG_WARN_INFINITE_RECURSION = YES;
				CLANG_WARN_INT_CONVERSION = YES;
				CLANG_WARN_OBJC_ROOT_CLASS = YES_ERROR;
				CLANG_WARN_SUSPICIOUS_MOVE = YES;
				CLANG_WARN_UNREACHABLE_CODE = YES;
				CLANG_WARN__DUPLICATE_METHOD_MATCH = YES;
				"CODE_SIGN_IDENTITY[sdk=iphoneos*]" = "iPhone Developer";
				COPY_PHASE_STRIP = NO;
				DEBUG_INFORMATION_FORMAT = "dwarf-with-dsym";
				ENABLE_NS_ASSERTIONS = NO;
				ENABLE_STRICT_OBJC_MSGSEND = YES;
				GCC_C_LANGUAGE_STANDARD = gnu99;
				GCC_NO_COMMON_BLOCKS = YES;
				GCC_WARN_64_TO_32_BIT_CONVERSION = YES;
				GCC_WARN_ABOUT_RETURN_TYPE = YES_ERROR;
				GCC_WARN_UNDECLARED_SELECTOR = YES;
				GCC_WARN_UNINITIALIZED_AUTOS = YES_AGGRESSIVE;
				GCC_WARN_UNUSED_FUNCTION = YES;
				GCC_WARN_UNUSED_VARIABLE = YES;
				IPHONEOS_DEPLOYMENT_TARGET = 10.3;
				MTL_ENABLE_DEBUG_INFO = NO;
				SDKROOT = iphoneos;
				SWIFT_OPTIMIZATION_LEVEL = "-Owholemodule";
				TARGETED_DEVICE_FAMILY = "1,2";
				VALIDATE_PRODUCT = YES;
			};
			name = Release;
		};
		99E97D8B1E9DA13900403458 /* Debug */ = {
			isa = XCBuildConfiguration;
			buildSettings = {
				ASSETCATALOG_COMPILER_APPICON_NAME = AppIcon;
				INFOPLIST_FILE = "Magic 8 Ball/Info.plist";
				LD_RUNPATH_SEARCH_PATHS = "$(inherited) @executable_path/Frameworks";
				PRODUCT_BUNDLE_IDENTIFIER = "com.alemohamad.Magic-8-Ball";
				PRODUCT_NAME = "$(TARGET_NAME)";
				SWIFT_VERSION = 3.0;
			};
			name = Debug;
		};
		99E97D8C1E9DA13900403458 /* Release */ = {
			isa = XCBuildConfiguration;
			buildSettings = {
				ASSETCATALOG_COMPILER_APPICON_NAME = AppIcon;
				INFOPLIST_FILE = "Magic 8 Ball/Info.plist";
				LD_RUNPATH_SEARCH_PATHS = "$(inherited) @executable_path/Frameworks";
				PRODUCT_BUNDLE_IDENTIFIER = "com.alemohamad.Magic-8-Ball";
				PRODUCT_NAME = "$(TARGET_NAME)";
				SWIFT_VERSION = 3.0;
			};
			name = Release;
		};
/* End XCBuildConfiguration section */

/* Begin XCConfigurationList section */
		99E97D731E9DA13800403458 /* Build configuration list for PBXProject "Magic 8 Ball" */ = {
			isa = XCConfigurationList;
			buildConfigurations = (
				99E97D881E9DA13900403458 /* Debug */,
				99E97D891E9DA13900403458 /* Release */,
			);
			defaultConfigurationIsVisible = 0;
			defaultConfigurationName = Release;
		};
		99E97D8A1E9DA13900403458 /* Build configuration list for PBXNativeTarget "Magic 8 Ball" */ = {
			isa = XCConfigurationList;
			buildConfigurations = (
				99E97D8B1E9DA13900403458 /* Debug */,
				99E97D8C1E9DA13900403458 /* Release */,
			);
			defaultConfigurationIsVisible = 0;
		};
/* End XCConfigurationList section */
	};
	rootObject = 99E97D701E9DA13800403458 /* Project object */;
}
